// !$*UTF8*$!
{
	archiveVersion = 1;
	classes = {
	};
	objectVersion = 46;
	objects = {

/* Begin PBXBuildFile section */
		E16889AE142CEFCD003AE4D8 /* MainWindow.xib in Resources */ = {isa = PBXBuildFile; fileRef = E16889AC142CEFCD003AE4D8 /* MainWindow.xib */; };
		E16889BC142DC3E5003AE4D8 /* Icon.png in Resources */ = {isa = PBXBuildFile; fileRef = E16889BB142DC3E5003AE4D8 /* Icon.png */; };
		E16889BE142DC403003AE4D8 /* Default-Landscape~ipad.png in Resources */ = {isa = PBXBuildFile; fileRef = E16889BD142DC403003AE4D8 /* Default-Landscape~ipad.png */; };
		E16889C1142DC456003AE4D8 /* Icon-Small-50.png in Resources */ = {isa = PBXBuildFile; fileRef = E16889BF142DC456003AE4D8 /* Icon-Small-50.png */; };
		E16889C2142DC456003AE4D8 /* Icon-Small.png in Resources */ = {isa = PBXBuildFile; fileRef = E16889C0142DC456003AE4D8 /* Icon-Small.png */; };
		E16A651F142CE0C400DDC749 /* UIKit.framework in Frameworks */ = {isa = PBXBuildFile; fileRef = E16A651E142CE0C400DDC749 /* UIKit.framework */; };
		E16A6521142CE0C400DDC749 /* Foundation.framework in Frameworks */ = {isa = PBXBuildFile; fileRef = E16A6520142CE0C400DDC749 /* Foundation.framework */; };
		E16A6523142CE0C400DDC749 /* CoreGraphics.framework in Frameworks */ = {isa = PBXBuildFile; fileRef = E16A6522142CE0C400DDC749 /* CoreGraphics.framework */; };
		E16A6525142CE0C400DDC749 /* CoreData.framework in Frameworks */ = {isa = PBXBuildFile; fileRef = E16A6524142CE0C400DDC749 /* CoreData.framework */; };
		E16A652B142CE0C400DDC749 /* InfoPlist.strings in Resources */ = {isa = PBXBuildFile; fileRef = E16A6529142CE0C400DDC749 /* InfoPlist.strings */; };
		E16A652D142CE0C400DDC749 /* main.m in Sources */ = {isa = PBXBuildFile; fileRef = E16A652C142CE0C400DDC749 /* main.m */; };
		E16A6531142CE0C400DDC749 /* EasyThingsAppDelegate.m in Sources */ = {isa = PBXBuildFile; fileRef = E16A6530142CE0C400DDC749 /* EasyThingsAppDelegate.m */; };
		E16A6534142CE0C400DDC749 /* EasyThings.xcdatamodeld in Sources */ = {isa = PBXBuildFile; fileRef = E16A6532142CE0C400DDC749 /* EasyThings.xcdatamodeld */; };
		E16A6537142CE0C400DDC749 /* RootViewController.m in Sources */ = {isa = PBXBuildFile; fileRef = E16A6536142CE0C400DDC749 /* RootViewController.m */; };
		E16A653E142CE0C400DDC749 /* RootViewController.xib in Resources */ = {isa = PBXBuildFile; fileRef = E16A653C142CE0C400DDC749 /* RootViewController.xib */; };
		E16D5336143EBF3C002C17AF /* CardTableViewCell.m in Sources */ = {isa = PBXBuildFile; fileRef = E16D5331143EBF3C002C17AF /* CardTableViewCell.m */; };
		E16D5337143EBF3C002C17AF /* CardTableViewCell.xib in Resources */ = {isa = PBXBuildFile; fileRef = E16D5332143EBF3C002C17AF /* CardTableViewCell.xib */; };
		E16D5338143EBF3C002C17AF /* CardTableViewController.m in Sources */ = {isa = PBXBuildFile; fileRef = E16D5334143EBF3C002C17AF /* CardTableViewController.m */; };
		E16D5339143EBF3C002C17AF /* CardTableViewController.xib in Resources */ = {isa = PBXBuildFile; fileRef = E16D5335143EBF3C002C17AF /* CardTableViewController.xib */; };
		E16D533F143F0161002C17AF /* CoreDataTableViewController.m in Sources */ = {isa = PBXBuildFile; fileRef = E16D533C143F0160002C17AF /* CoreDataTableViewController.m */; };
		E16D5340143F0161002C17AF /* CoreDataViewController.m in Sources */ = {isa = PBXBuildFile; fileRef = E16D533E143F0160002C17AF /* CoreDataViewController.m */; };
		E16D535A143F63DE002C17AF /* cardBackground.png in Resources */ = {isa = PBXBuildFile; fileRef = E16D5359143F63DE002C17AF /* cardBackground.png */; };
		E19EAA77148A9CDB00F63920 /* cardNavigationBar.png in Resources */ = {isa = PBXBuildFile; fileRef = E19EAA76148A9CDB00F63920 /* cardNavigationBar.png */; };
		E19EAA7D148AA08400F63920 /* quicknavBackground.png in Resources */ = {isa = PBXBuildFile; fileRef = E19EAA7C148AA08400F63920 /* quicknavBackground.png */; };
		E19EAA82148AA0FE00F63920 /* QuicknavTableViewController.m in Sources */ = {isa = PBXBuildFile; fileRef = E19EAA80148AA0FE00F63920 /* QuicknavTableViewController.m */; };
		E19EAA83148AA0FE00F63920 /* QuicknavTableViewController.xib in Resources */ = {isa = PBXBuildFile; fileRef = E19EAA81148AA0FE00F63920 /* QuicknavTableViewController.xib */; };
		E1DF5861148AAFF7005EDDDD /* QuicknavTableViewCell.m in Sources */ = {isa = PBXBuildFile; fileRef = E1DF585F148AAFF7005EDDDD /* QuicknavTableViewCell.m */; };
		E1DF5862148AAFF7005EDDDD /* QuicknavTableViewCell.xib in Resources */ = {isa = PBXBuildFile; fileRef = E1DF5860148AAFF7005EDDDD /* QuicknavTableViewCell.xib */; };
		E1DF5865148AB257005EDDDD /* PageViewController.m in Sources */ = {isa = PBXBuildFile; fileRef = E1DF5864148AB257005EDDDD /* PageViewController.m */; };
		E1DF586B148ADBCC005EDDDD /* mvboli.ttf in Resources */ = {isa = PBXBuildFile; fileRef = E1DF586A148ADBCC005EDDDD /* mvboli.ttf */; };
		E1DF5877148ADFDD005EDDDD /* icon_all_cat.png in Resources */ = {isa = PBXBuildFile; fileRef = E1DF5872148ADFDD005EDDDD /* icon_all_cat.png */; };
		E1DF5878148ADFDD005EDDDD /* icon_cal.png in Resources */ = {isa = PBXBuildFile; fileRef = E1DF5873148ADFDD005EDDDD /* icon_cal.png */; };
		E1DF5879148ADFDD005EDDDD /* icon_search.png in Resources */ = {isa = PBXBuildFile; fileRef = E1DF5874148ADFDD005EDDDD /* icon_search.png */; };
		E1DF587A148ADFDD005EDDDD /* icon_setting.png in Resources */ = {isa = PBXBuildFile; fileRef = E1DF5875148ADFDD005EDDDD /* icon_setting.png */; };
		E1DF587B148ADFDD005EDDDD /* icon_today.png in Resources */ = {isa = PBXBuildFile; fileRef = E1DF5876148ADFDD005EDDDD /* icon_today.png */; };
		E1E6E8C71451B2BB00FCB08B /* rootBackground.png in Resources */ = {isa = PBXBuildFile; fileRef = E1E6E8C61451B2BB00FCB08B /* rootBackground.png */; };
/* End PBXBuildFile section */

/* Begin PBXFileReference section */
		E16889AD142CEFCD003AE4D8 /* en */ = {isa = PBXFileReference; lastKnownFileType = file.xib; name = en; path = en.lproj/MainWindow.xib; sourceTree = "<group>"; };
		E16889BB142DC3E5003AE4D8 /* Icon.png */ = {isa = PBXFileReference; lastKnownFileType = image.png; name = Icon.png; path = ../../Icon.png; sourceTree = "<group>"; };
		E16889BD142DC403003AE4D8 /* Default-Landscape~ipad.png */ = {isa = PBXFileReference; lastKnownFileType = image.png; name = "Default-Landscape~ipad.png"; path = "../../Default-Landscape~ipad.png"; sourceTree = "<group>"; };
		E16889BF142DC456003AE4D8 /* Icon-Small-50.png */ = {isa = PBXFileReference; lastKnownFileType = image.png; path = "Icon-Small-50.png"; sourceTree = "<group>"; };
		E16889C0142DC456003AE4D8 /* Icon-Small.png */ = {isa = PBXFileReference; lastKnownFileType = image.png; path = "Icon-Small.png"; sourceTree = "<group>"; };
		E16A651A142CE0C400DDC749 /* Easy Things.app */ = {isa = PBXFileReference; explicitFileType = wrapper.application; includeInIndex = 0; path = "Easy Things.app"; sourceTree = BUILT_PRODUCTS_DIR; };
		E16A651E142CE0C400DDC749 /* UIKit.framework */ = {isa = PBXFileReference; lastKnownFileType = wrapper.framework; name = UIKit.framework; path = System/Library/Frameworks/UIKit.framework; sourceTree = SDKROOT; };
		E16A6520142CE0C400DDC749 /* Foundation.framework */ = {isa = PBXFileReference; lastKnownFileType = wrapper.framework; name = Foundation.framework; path = System/Library/Frameworks/Foundation.framework; sourceTree = SDKROOT; };
		E16A6522142CE0C400DDC749 /* CoreGraphics.framework */ = {isa = PBXFileReference; lastKnownFileType = wrapper.framework; name = CoreGraphics.framework; path = System/Library/Frameworks/CoreGraphics.framework; sourceTree = SDKROOT; };
		E16A6524142CE0C400DDC749 /* CoreData.framework */ = {isa = PBXFileReference; lastKnownFileType = wrapper.framework; name = CoreData.framework; path = System/Library/Frameworks/CoreData.framework; sourceTree = SDKROOT; };
		E16A6528142CE0C400DDC749 /* EasyThings-Info.plist */ = {isa = PBXFileReference; lastKnownFileType = text.plist.xml; path = "EasyThings-Info.plist"; sourceTree = "<group>"; };
		E16A652A142CE0C400DDC749 /* en */ = {isa = PBXFileReference; lastKnownFileType = text.plist.strings; name = en; path = en.lproj/InfoPlist.strings; sourceTree = "<group>"; };
		E16A652C142CE0C400DDC749 /* main.m */ = {isa = PBXFileReference; lastKnownFileType = sourcecode.c.objc; path = main.m; sourceTree = "<group>"; };
		E16A652E142CE0C400DDC749 /* EasyThings-Prefix.pch */ = {isa = PBXFileReference; lastKnownFileType = sourcecode.c.h; path = "EasyThings-Prefix.pch"; sourceTree = "<group>"; };
		E16A652F142CE0C400DDC749 /* EasyThingsAppDelegate.h */ = {isa = PBXFileReference; lastKnownFileType = sourcecode.c.h; path = EasyThingsAppDelegate.h; sourceTree = "<group>"; };
		E16A6530142CE0C400DDC749 /* EasyThingsAppDelegate.m */ = {isa = PBXFileReference; lastKnownFileType = sourcecode.c.objc; path = EasyThingsAppDelegate.m; sourceTree = "<group>"; };
		E16A6533142CE0C400DDC749 /* EasyThings.xcdatamodel */ = {isa = PBXFileReference; lastKnownFileType = wrapper.xcdatamodel; path = EasyThings.xcdatamodel; sourceTree = "<group>"; };
		E16A6535142CE0C400DDC749 /* RootViewController.h */ = {isa = PBXFileReference; lastKnownFileType = sourcecode.c.h; name = RootViewController.h; path = ../RootViewController.h; sourceTree = "<group>"; };
		E16A6536142CE0C400DDC749 /* RootViewController.m */ = {isa = PBXFileReference; lastKnownFileType = sourcecode.c.objc; name = RootViewController.m; path = ../RootViewController.m; sourceTree = "<group>"; };
		E16A653D142CE0C400DDC749 /* en */ = {isa = PBXFileReference; lastKnownFileType = file.xib; name = en; path = en.lproj/RootViewController.xib; sourceTree = "<group>"; };
		E16D5330143EBF3C002C17AF /* CardTableViewCell.h */ = {isa = PBXFileReference; fileEncoding = 4; lastKnownFileType = sourcecode.c.h; path = CardTableViewCell.h; sourceTree = "<group>"; };
		E16D5331143EBF3C002C17AF /* CardTableViewCell.m */ = {isa = PBXFileReference; fileEncoding = 4; lastKnownFileType = sourcecode.c.objc; path = CardTableViewCell.m; sourceTree = "<group>"; };
		E16D5332143EBF3C002C17AF /* CardTableViewCell.xib */ = {isa = PBXFileReference; fileEncoding = 4; lastKnownFileType = file.xib; path = CardTableViewCell.xib; sourceTree = "<group>"; };
		E16D5333143EBF3C002C17AF /* CardTableViewController.h */ = {isa = PBXFileReference; fileEncoding = 4; lastKnownFileType = sourcecode.c.h; path = CardTableViewController.h; sourceTree = "<group>"; };
		E16D5334143EBF3C002C17AF /* CardTableViewController.m */ = {isa = PBXFileReference; fileEncoding = 4; lastKnownFileType = sourcecode.c.objc; path = CardTableViewController.m; sourceTree = "<group>"; };
		E16D5335143EBF3C002C17AF /* CardTableViewController.xib */ = {isa = PBXFileReference; fileEncoding = 4; lastKnownFileType = file.xib; path = CardTableViewController.xib; sourceTree = "<group>"; };
		E16D533B143F0160002C17AF /* CoreDataTableViewController.h */ = {isa = PBXFileReference; fileEncoding = 4; lastKnownFileType = sourcecode.c.h; path = CoreDataTableViewController.h; sourceTree = "<group>"; };
		E16D533C143F0160002C17AF /* CoreDataTableViewController.m */ = {isa = PBXFileReference; fileEncoding = 4; lastKnownFileType = sourcecode.c.objc; path = CoreDataTableViewController.m; sourceTree = "<group>"; };
		E16D533D143F0160002C17AF /* CoreDataViewController.h */ = {isa = PBXFileReference; fileEncoding = 4; lastKnownFileType = sourcecode.c.h; path = CoreDataViewController.h; sourceTree = "<group>"; };
		E16D533E143F0160002C17AF /* CoreDataViewController.m */ = {isa = PBXFileReference; fileEncoding = 4; lastKnownFileType = sourcecode.c.objc; path = CoreDataViewController.m; sourceTree = "<group>"; };
		E16D5359143F63DE002C17AF /* cardBackground.png */ = {isa = PBXFileReference; lastKnownFileType = image.png; path = cardBackground.png; sourceTree = "<group>"; };
		E19EAA76148A9CDB00F63920 /* cardNavigationBar.png */ = {isa = PBXFileReference; lastKnownFileType = image.png; path = cardNavigationBar.png; sourceTree = "<group>"; };
		E19EAA7C148AA08400F63920 /* quicknavBackground.png */ = {isa = PBXFileReference; lastKnownFileType = image.png; path = quicknavBackground.png; sourceTree = "<group>"; };
		E19EAA7F148AA0FE00F63920 /* QuicknavTableViewController.h */ = {isa = PBXFileReference; fileEncoding = 4; lastKnownFileType = sourcecode.c.h; path = QuicknavTableViewController.h; sourceTree = "<group>"; };
		E19EAA80148AA0FE00F63920 /* QuicknavTableViewController.m */ = {isa = PBXFileReference; fileEncoding = 4; lastKnownFileType = sourcecode.c.objc; path = QuicknavTableViewController.m; sourceTree = "<group>"; };
		E19EAA81148AA0FE00F63920 /* QuicknavTableViewController.xib */ = {isa = PBXFileReference; fileEncoding = 4; lastKnownFileType = file.xib; path = QuicknavTableViewController.xib; sourceTree = "<group>"; };
		E1DF585E148AAFF7005EDDDD /* QuicknavTableViewCell.h */ = {isa = PBXFileReference; fileEncoding = 4; lastKnownFileType = sourcecode.c.h; path = QuicknavTableViewCell.h; sourceTree = "<group>"; };
		E1DF585F148AAFF7005EDDDD /* QuicknavTableViewCell.m */ = {isa = PBXFileReference; fileEncoding = 4; lastKnownFileType = sourcecode.c.objc; path = QuicknavTableViewCell.m; sourceTree = "<group>"; };
		E1DF5860148AAFF7005EDDDD /* QuicknavTableViewCell.xib */ = {isa = PBXFileReference; fileEncoding = 4; lastKnownFileType = file.xib; path = QuicknavTableViewCell.xib; sourceTree = "<group>"; };
		E1DF5863148AB257005EDDDD /* PageViewController.h */ = {isa = PBXFileReference; fileEncoding = 4; lastKnownFileType = sourcecode.c.h; path = PageViewController.h; sourceTree = "<group>"; };
		E1DF5864148AB257005EDDDD /* PageViewController.m */ = {isa = PBXFileReference; fileEncoding = 4; lastKnownFileType = sourcecode.c.objc; path = PageViewController.m; sourceTree = "<group>"; };
		E1DF586A148ADBCC005EDDDD /* mvboli.ttf */ = {isa = PBXFileReference; lastKnownFileType = file; path = mvboli.ttf; sourceTree = "<group>"; };
		E1DF5872148ADFDD005EDDDD /* icon_all_cat.png */ = {isa = PBXFileReference; lastKnownFileType = image.png; path = icon_all_cat.png; sourceTree = "<group>"; };
		E1DF5873148ADFDD005EDDDD /* icon_cal.png */ = {isa = PBXFileReference; lastKnownFileType = image.png; path = icon_cal.png; sourceTree = "<group>"; };
		E1DF5874148ADFDD005EDDDD /* icon_search.png */ = {isa = PBXFileReference; lastKnownFileType = image.png; path = icon_search.png; sourceTree = "<group>"; };
		E1DF5875148ADFDD005EDDDD /* icon_setting.png */ = {isa = PBXFileReference; lastKnownFileType = image.png; path = icon_setting.png; sourceTree = "<group>"; };
		E1DF5876148ADFDD005EDDDD /* icon_today.png */ = {isa = PBXFileReference; lastKnownFileType = image.png; path = icon_today.png; sourceTree = "<group>"; };
		E1E6E8C61451B2BB00FCB08B /* rootBackground.png */ = {isa = PBXFileReference; lastKnownFileType = image.png; path = rootBackground.png; sourceTree = "<group>"; };
/* End PBXFileReference section */

/* Begin PBXFrameworksBuildPhase section */
		E16A6517142CE0C400DDC749 /* Frameworks */ = {
			isa = PBXFrameworksBuildPhase;
			buildActionMask = 2147483647;
			files = (
				E16A651F142CE0C400DDC749 /* UIKit.framework in Frameworks */,
				E16A6521142CE0C400DDC749 /* Foundation.framework in Frameworks */,
				E16A6523142CE0C400DDC749 /* CoreGraphics.framework in Frameworks */,
				E16A6525142CE0C400DDC749 /* CoreData.framework in Frameworks */,
			);
			runOnlyForDeploymentPostprocessing = 0;
		};
/* End PBXFrameworksBuildPhase section */

/* Begin PBXGroup section */
		E16A650F142CE0C400DDC749 = {
			isa = PBXGroup;
			children = (
				E16A6526142CE0C400DDC749 /* EasyThings */,
				E16A654B142CE12300DDC749 /* Classes */,
				E16A654C142CE12300DDC749 /* Resources */,
				E16A651D142CE0C400DDC749 /* Frameworks */,
				E16A651B142CE0C400DDC749 /* Products */,
			);
			sourceTree = "<group>";
		};
		E16A651B142CE0C400DDC749 /* Products */ = {
			isa = PBXGroup;
			children = (
				E16A651A142CE0C400DDC749 /* Easy Things.app */,
			);
			name = Products;
			sourceTree = "<group>";
		};
		E16A651D142CE0C400DDC749 /* Frameworks */ = {
			isa = PBXGroup;
			children = (
				E16A651E142CE0C400DDC749 /* UIKit.framework */,
				E16A6520142CE0C400DDC749 /* Foundation.framework */,
				E16A6522142CE0C400DDC749 /* CoreGraphics.framework */,
				E16A6524142CE0C400DDC749 /* CoreData.framework */,
			);
			name = Frameworks;
			sourceTree = "<group>";
		};
		E16A6526142CE0C400DDC749 /* EasyThings */ = {
			isa = PBXGroup;
			children = (
				E16A652F142CE0C400DDC749 /* EasyThingsAppDelegate.h */,
				E16A6530142CE0C400DDC749 /* EasyThingsAppDelegate.m */,
				E16A6532142CE0C400DDC749 /* EasyThings.xcdatamodeld */,
				E16A6527142CE0C400DDC749 /* Supporting Files */,
			);
			path = EasyThings;
			sourceTree = "<group>";
		};
		E16A6527142CE0C400DDC749 /* Supporting Files */ = {
			isa = PBXGroup;
			children = (
				E16A6528142CE0C400DDC749 /* EasyThings-Info.plist */,
				E16A6529142CE0C400DDC749 /* InfoPlist.strings */,
				E16A652C142CE0C400DDC749 /* main.m */,
				E16A652E142CE0C400DDC749 /* EasyThings-Prefix.pch */,
				E1DF586A148ADBCC005EDDDD /* mvboli.ttf */,
			);
			name = "Supporting Files";
			sourceTree = "<group>";
		};
		E16A654B142CE12300DDC749 /* Classes */ = {
			isa = PBXGroup;
			children = (
				E16889AC142CEFCD003AE4D8 /* MainWindow.xib */,
				E16D533B143F0160002C17AF /* CoreDataTableViewController.h */,
				E16D533C143F0160002C17AF /* CoreDataTableViewController.m */,
				E16D533D143F0160002C17AF /* CoreDataViewController.h */,
				E16D533E143F0160002C17AF /* CoreDataViewController.m */,
				E1DF5863148AB257005EDDDD /* PageViewController.h */,
				E1DF5864148AB257005EDDDD /* PageViewController.m */,
				E16D5330143EBF3C002C17AF /* CardTableViewCell.h */,
				E16D5331143EBF3C002C17AF /* CardTableViewCell.m */,
				E16D5332143EBF3C002C17AF /* CardTableViewCell.xib */,
				E16D5333143EBF3C002C17AF /* CardTableViewController.h */,
				E16D5334143EBF3C002C17AF /* CardTableViewController.m */,
				E16D5335143EBF3C002C17AF /* CardTableViewController.xib */,
				E16A6535142CE0C400DDC749 /* RootViewController.h */,
				E16A6536142CE0C400DDC749 /* RootViewController.m */,
				E16A653C142CE0C400DDC749 /* RootViewController.xib */,
				E1DF585E148AAFF7005EDDDD /* QuicknavTableViewCell.h */,
				E1DF585F148AAFF7005EDDDD /* QuicknavTableViewCell.m */,
				E1DF5860148AAFF7005EDDDD /* QuicknavTableViewCell.xib */,
				E19EAA7F148AA0FE00F63920 /* QuicknavTableViewController.h */,
				E19EAA80148AA0FE00F63920 /* QuicknavTableViewController.m */,
				E19EAA81148AA0FE00F63920 /* QuicknavTableViewController.xib */,
			);
			name = Classes;
			path = EasyThings/Classes;
			sourceTree = "<group>";
		};
		E16A654C142CE12300DDC749 /* Resources */ = {
			isa = PBXGroup;
			children = (
				E19EAA7E148AA08800F63920 /* quicknav */,
				E19EAA7B148A9D0A00F63920 /* icon */,
				E19EAA7A148A9CFE00F63920 /* root */,
				E19EAA79148A9CE000F63920 /* card */,
			);
			name = Resources;
			path = EasyThings/Resources;
			sourceTree = "<group>";
		};
		E19EAA79148A9CE000F63920 /* card */ = {
			isa = PBXGroup;
			children = (
				E16D5359143F63DE002C17AF /* cardBackground.png */,
				E19EAA76148A9CDB00F63920 /* cardNavigationBar.png */,
			);
			name = card;
			sourceTree = "<group>";
		};
		E19EAA7A148A9CFE00F63920 /* root */ = {
			isa = PBXGroup;
			children = (
				E1E6E8C61451B2BB00FCB08B /* rootBackground.png */,
				E16889BD142DC403003AE4D8 /* Default-Landscape~ipad.png */,
			);
			name = root;
			sourceTree = "<group>";
		};
		E19EAA7B148A9D0A00F63920 /* icon */ = {
			isa = PBXGroup;
			children = (
				E1DF5872148ADFDD005EDDDD /* icon_all_cat.png */,
				E1DF5873148ADFDD005EDDDD /* icon_cal.png */,
				E1DF5874148ADFDD005EDDDD /* icon_search.png */,
				E1DF5875148ADFDD005EDDDD /* icon_setting.png */,
				E1DF5876148ADFDD005EDDDD /* icon_today.png */,
				E16889BF142DC456003AE4D8 /* Icon-Small-50.png */,
				E16889C0142DC456003AE4D8 /* Icon-Small.png */,
				E16889BB142DC3E5003AE4D8 /* Icon.png */,
			);
			name = icon;
			sourceTree = "<group>";
		};
		E19EAA7E148AA08800F63920 /* quicknav */ = {
			isa = PBXGroup;
			children = (
				E19EAA7C148AA08400F63920 /* quicknavBackground.png */,
			);
			name = quicknav;
			sourceTree = "<group>";
		};
/* End PBXGroup section */

/* Begin PBXNativeTarget section */
		E16A6519142CE0C400DDC749 /* EasyThings */ = {
			isa = PBXNativeTarget;
			buildConfigurationList = E16A6544142CE0C400DDC749 /* Build configuration list for PBXNativeTarget "EasyThings" */;
			buildPhases = (
				E16A6516142CE0C400DDC749 /* Sources */,
				E16A6517142CE0C400DDC749 /* Frameworks */,
				E16A6518142CE0C400DDC749 /* Resources */,
			);
			buildRules = (
			);
			dependencies = (
			);
			name = EasyThings;
			productName = EasyThings;
			productReference = E16A651A142CE0C400DDC749 /* Easy Things.app */;
			productType = "com.apple.product-type.application";
		};
/* End PBXNativeTarget section */

/* Begin PBXProject section */
		E16A6511142CE0C400DDC749 /* Project object */ = {
			isa = PBXProject;
			attributes = {
				ORGANIZATIONNAME = TJU;
			};
			buildConfigurationList = E16A6514142CE0C400DDC749 /* Build configuration list for PBXProject "EasyThings" */;
			compatibilityVersion = "Xcode 3.2";
			developmentRegion = English;
			hasScannedForEncodings = 0;
			knownRegions = (
				en,
			);
			mainGroup = E16A650F142CE0C400DDC749;
			productRefGroup = E16A651B142CE0C400DDC749 /* Products */;
			projectDirPath = "";
			projectRoot = "";
			targets = (
				E16A6519142CE0C400DDC749 /* EasyThings */,
			);
		};
/* End PBXProject section */

/* Begin PBXResourcesBuildPhase section */
		E16A6518142CE0C400DDC749 /* Resources */ = {
			isa = PBXResourcesBuildPhase;
			buildActionMask = 2147483647;
			files = (
				E16A652B142CE0C400DDC749 /* InfoPlist.strings in Resources */,
				E16A653E142CE0C400DDC749 /* RootViewController.xib in Resources */,
				E16889AE142CEFCD003AE4D8 /* MainWindow.xib in Resources */,
				E16889BC142DC3E5003AE4D8 /* Icon.png in Resources */,
				E16889BE142DC403003AE4D8 /* Default-Landscape~ipad.png in Resources */,
				E16889C1142DC456003AE4D8 /* Icon-Small-50.png in Resources */,
				E16889C2142DC456003AE4D8 /* Icon-Small.png in Resources */,
				E16D5337143EBF3C002C17AF /* CardTableViewCell.xib in Resources */,
				E16D5339143EBF3C002C17AF /* CardTableViewController.xib in Resources */,
				E16D535A143F63DE002C17AF /* cardBackground.png in Resources */,
				E1E6E8C71451B2BB00FCB08B /* rootBackground.png in Resources */,
				E19EAA77148A9CDB00F63920 /* cardNavigationBar.png in Resources */,
				E19EAA7D148AA08400F63920 /* quicknavBackground.png in Resources */,
				E19EAA83148AA0FE00F63920 /* QuicknavTableViewController.xib in Resources */,
				E1DF5862148AAFF7005EDDDD /* QuicknavTableViewCell.xib in Resources */,
				E1DF586B148ADBCC005EDDDD /* mvboli.ttf in Resources */,
				E1DF5877148ADFDD005EDDDD /* icon_all_cat.png in Resources */,
				E1DF5878148ADFDD005EDDDD /* icon_cal.png in Resources */,
				E1DF5879148ADFDD005EDDDD /* icon_search.png in Resources */,
				E1DF587A148ADFDD005EDDDD /* icon_setting.png in Resources */,
				E1DF587B148ADFDD005EDDDD /* icon_today.png in Resources */,
			);
			runOnlyForDeploymentPostprocessing = 0;
		};
/* End PBXResourcesBuildPhase section */

/* Begin PBXSourcesBuildPhase section */
		E16A6516142CE0C400DDC749 /* Sources */ = {
			isa = PBXSourcesBuildPhase;
			buildActionMask = 2147483647;
			files = (
				E16A652D142CE0C400DDC749 /* main.m in Sources */,
				E16A6531142CE0C400DDC749 /* EasyThingsAppDelegate.m in Sources */,
				E16A6534142CE0C400DDC749 /* EasyThings.xcdatamodeld in Sources */,
				E16A6537142CE0C400DDC749 /* RootViewController.m in Sources */,
				E16D5336143EBF3C002C17AF /* CardTableViewCell.m in Sources */,
				E16D5338143EBF3C002C17AF /* CardTableViewController.m in Sources */,
				E16D533F143F0161002C17AF /* CoreDataTableViewController.m in Sources */,
				E16D5340143F0161002C17AF /* CoreDataViewController.m in Sources */,
				E19EAA82148AA0FE00F63920 /* QuicknavTableViewController.m in Sources */,
				E1DF5861148AAFF7005EDDDD /* QuicknavTableViewCell.m in Sources */,
				E1DF5865148AB257005EDDDD /* PageViewController.m in Sources */,
			);
			runOnlyForDeploymentPostprocessing = 0;
		};
/* End PBXSourcesBuildPhase section */

/* Begin PBXVariantGroup section */
		E16889AC142CEFCD003AE4D8 /* MainWindow.xib */ = {
			isa = PBXVariantGroup;
			children = (
				E16889AD142CEFCD003AE4D8 /* en */,
			);
			name = MainWindow.xib;
			path = ..;
			sourceTree = "<group>";
		};
		E16A6529142CE0C400DDC749 /* InfoPlist.strings */ = {
			isa = PBXVariantGroup;
			children = (
				E16A652A142CE0C400DDC749 /* en */,
			);
			name = InfoPlist.strings;
			sourceTree = "<group>";
		};
		E16A653C142CE0C400DDC749 /* RootViewController.xib */ = {
			isa = PBXVariantGroup;
			children = (
				E16A653D142CE0C400DDC749 /* en */,
			);
			name = RootViewController.xib;
			path = ..;
			sourceTree = "<group>";
		};
/* End PBXVariantGroup section */

/* Begin XCBuildConfiguration section */
		E16A6542142CE0C400DDC749 /* Debug */ = {
			isa = XCBuildConfiguration;
			buildSettings = {
				ALWAYS_SEARCH_USER_PATHS = NO;
				ARCHS = "$(ARCHS_STANDARD_32_BIT)";
				CLANG_ENABLE_OBJC_ARC = NO;
				"CODE_SIGN_IDENTITY[sdk=iphoneos*]" = "iPhone Developer";
				COPY_PHASE_STRIP = NO;
				GCC_C_LANGUAGE_STANDARD = gnu99;
				GCC_DYNAMIC_NO_PIC = NO;
				GCC_OPTIMIZATION_LEVEL = 0;
				GCC_PREPROCESSOR_DEFINITIONS = (
					"DEBUG=1",
					"$(inherited)",
				);
				GCC_SYMBOLS_PRIVATE_EXTERN = NO;
				GCC_VERSION = "";
				GCC_WARN_ABOUT_MISSING_PROTOTYPES = YES;
				GCC_WARN_ABOUT_RETURN_TYPE = YES;
				GCC_WARN_UNUSED_VARIABLE = YES;
				IPHONEOS_DEPLOYMENT_TARGET = 5.0;
				SDKROOT = iphoneos;
				TARGETED_DEVICE_FAMILY = 2;
			};
			name = Debug;
		};
		E16A6543142CE0C400DDC749 /* Release */ = {
			isa = XCBuildConfiguration;
			buildSettings = {
				ALWAYS_SEARCH_USER_PATHS = NO;
				ARCHS = "$(ARCHS_STANDARD_32_BIT)";
				CLANG_ENABLE_OBJC_ARC = NO;
				"CODE_SIGN_IDENTITY[sdk=iphoneos*]" = "iPhone Developer";
				COPY_PHASE_STRIP = YES;
				GCC_C_LANGUAGE_STANDARD = gnu99;
				GCC_VERSION = "";
				GCC_WARN_ABOUT_MISSING_PROTOTYPES = YES;
				GCC_WARN_ABOUT_RETURN_TYPE = YES;
				GCC_WARN_UNUSED_VARIABLE = YES;
				IPHONEOS_DEPLOYMENT_TARGET = 5.0;
				OTHER_CFLAGS = "-DNS_BLOCK_ASSERTIONS=1";
				SDKROOT = iphoneos;
				TARGETED_DEVICE_FAMILY = 2;
				VALIDATE_PRODUCT = YES;
			};
			name = Release;
		};
		E16A6545142CE0C400DDC749 /* Debug */ = {
			isa = XCBuildConfiguration;
			buildSettings = {
				CLANG_ENABLE_OBJC_ARC = NO;
				CODE_SIGN_IDENTITY = "iPhone Developer: Apple Club Tongji (752DRL3CLE)";
				GCC_PRECOMPILE_PREFIX_HEADER = YES;
				GCC_PREFIX_HEADER = "EasyThings/EasyThings-Prefix.pch";
				GCC_VERSION = com.apple.compilers.llvmgcc42;
				INFOPLIST_FILE = "EasyThings/EasyThings-Info.plist";
				IPHONEOS_DEPLOYMENT_TARGET = 4.0;
				PRODUCT_NAME = "Easy Things";
				PROVISIONING_PROFILE = "1F4431CA-B99F-4DFF-B43D-76C4C6C456C6";
				WRAPPER_EXTENSION = app;
			};
			name = Debug;
		};
		E16A6546142CE0C400DDC749 /* Release */ = {
			isa = XCBuildConfiguration;
			buildSettings = {
				CLANG_ENABLE_OBJC_ARC = NO;
				CODE_SIGN_IDENTITY = "iPhone Developer: Apple Club Tongji (752DRL3CLE)";
				GCC_PRECOMPILE_PREFIX_HEADER = YES;
				GCC_PREFIX_HEADER = "EasyThings/EasyThings-Prefix.pch";
				GCC_VERSION = com.apple.compilers.llvmgcc42;
				INFOPLIST_FILE = "EasyThings/EasyThings-Info.plist";
				IPHONEOS_DEPLOYMENT_TARGET = 4.0;
				PRODUCT_NAME = "Easy Things";
				PROVISIONING_PROFILE = "1F4431CA-B99F-4DFF-B43D-76C4C6C456C6";
				WRAPPER_EXTENSION = app;
			};
			name = Release;
		};
/* End XCBuildConfiguration section */

/* Begin XCConfigurationList section */
		E16A6514142CE0C400DDC749 /* Build configuration list for PBXProject "EasyThings" */ = {
			isa = XCConfigurationList;
			buildConfigurations = (
				E16A6542142CE0C400DDC749 /* Debug */,
				E16A6543142CE0C400DDC749 /* Release */,
			);
			defaultConfigurationIsVisible = 0;
			defaultConfigurationName = Release;
		};
		E16A6544142CE0C400DDC749 /* Build configuration list for PBXNativeTarget "EasyThings" */ = {
			isa = XCConfigurationList;
			buildConfigurations = (
				E16A6545142CE0C400DDC749 /* Debug */,
				E16A6546142CE0C400DDC749 /* Release */,
			);
			defaultConfigurationIsVisible = 0;
			defaultConfigurationName = Release;
		};
/* End XCConfigurationList section */

/* Begin XCVersionGroup section */
		E16A6532142CE0C400DDC749 /* EasyThings.xcdatamodeld */ = {
			isa = XCVersionGroup;
			children = (
				E16A6533142CE0C400DDC749 /* EasyThings.xcdatamodel */,
			);
			currentVersion = E16A6533142CE0C400DDC749 /* EasyThings.xcdatamodel */;
			path = EasyThings.xcdatamodeld;
			sourceTree = "<group>";
			versionGroupType = wrapper.xcdatamodel;
		};
/* End XCVersionGroup section */
	};
	rootObject = E16A6511142CE0C400DDC749 /* Project object */;
}
